
Microsoft Visual Studio Solution File, Format Version 12.00
# Visual Studio 2013
VisualStudioVersion = 12.0.30324.0
MinimumVisualStudioVersion = 10.0.40219.1
Project("{FAE04EC0-301F-11D3-BF4B-00C04F79EFBC}") = "MECH_SIM", "MECH_SIM\MECH_SIM.csproj", "{07D14ED6-DE01-46B7-A0CF-D27F8E3AA872}"
EndProject
Global
	GlobalSection(SolutionConfigurationPlatforms) = preSolution
		Debug|Any CPU = Debug|Any CPU
		Release|Any CPU = Release|Any CPU
	EndGlobalSection
	GlobalSection(ProjectConfigurationPlatforms) = postSolution
		{07D14ED6-DE01-46B7-A0CF-D27F8E3AA872}.Debug|Any CPU.ActiveCfg = Debug|Any CPU
		{07D14ED6-DE01-46B7-A0CF-D27F8E3AA872}.Debug|Any CPU.Build.0 = Debug|Any CPU
		{07D14ED6-DE01-46B7-A0CF-D27F8E3AA872}.Release|Any CPU.ActiveCfg = Release|Any CPU
		{07D14ED6-DE01-46B7-A0CF-D27F8E3AA872}.Release|Any CPU.Build.0 = Release|Any CPU
	EndGlobalSection
	GlobalSection(SolutionProperties) = preSolution
		HideSolutionNode = FALSE
	EndGlobalSection
EndGlobal
